{
  "name": "hblog",
  "version": "0.2.0",
  "lockfileVersion": 1,
  "requires": true,
  "dependencies": {
    "ansi-styles": {
      "version": "3.2.1",
      "resolved": "http://frontend.npm.xuebadev.com/ansi-styles/-/ansi-styles-3.2.1.tgz",
      "integrity": "sha1-QfuyAkPlCxK+DwS43tvwdSDOhB0=",
      "dev": true,
      "requires": {
        "color-convert": "1.9.1"
      }
    },
    "array-find-index": {
      "version": "1.0.2",
      "resolved": "http://frontend.npm.xuebadev.com/array-find-index/-/array-find-index-1.0.2.tgz",
      "integrity": "sha1-3wEKoSh+Fku9pvlyOwqWoexBh6E=",
      "dev": true
    },
    "asap": {
      "version": "2.0.6",
      "resolved": "http://frontend.npm.xuebadev.com/asap/-/asap-2.0.6.tgz",
      "integrity": "sha1-5QNHYR1+aQlDIIu9r+vLwvuGbUY="
    },
    "bail": {
      "version": "1.0.3",
      "resolved": "http://frontend.npm.xuebadev.com/bail/-/bail-1.0.3.tgz",
      "integrity": "sha1-Y8+53brIKbAqMSjNUyJL545sIaM="
    },
    "chalk": {
      "version": "2.4.1",
      "resolved": "http://frontend.npm.xuebadev.com/chalk/-/chalk-2.4.1.tgz",
      "integrity": "sha1-GMSasWoDe26wFSzIPjRxM4IVtm4=",
      "dev": true,
      "requires": {
        "ansi-styles": "3.2.1",
        "escape-string-regexp": "1.0.5",
        "supports-color": "5.4.0"
      }
    },
    "character-entities": {
      "version": "1.2.2",
      "resolved": "http://frontend.npm.xuebadev.com/character-entities/-/character-entities-1.2.2.tgz",
      "integrity": "sha1-WMjzccB3TvC6myrKXwDY8QDm42M="
    },
    "character-entities-legacy": {
      "version": "1.1.2",
      "resolved": "http://frontend.npm.xuebadev.com/character-entities-legacy/-/character-entities-legacy-1.1.2.tgz",
      "integrity": "sha1-fG3vuBZISYIiyYVTCZU9BfTWOpw="
    },
    "character-reference-invalid": {
      "version": "1.1.2",
      "resolved": "http://frontend.npm.xuebadev.com/character-reference-invalid/-/character-reference-invalid-1.1.2.tgz",
      "integrity": "sha1-IeQhrT2EBVlS2rSkOgTnPNQl0+0="
    },
    "collapse-white-space": {
      "version": "1.0.4",
      "resolved": "http://frontend.npm.xuebadev.com/collapse-white-space/-/collapse-white-space-1.0.4.tgz",
      "integrity": "sha1-zgXPSeVMMneuVzA2omhRukMKAJE="
    },
    "color-convert": {
      "version": "1.9.1",
      "resolved": "http://frontend.npm.xuebadev.com/color-convert/-/color-convert-1.9.1.tgz",
      "integrity": "sha1-wSYRB66y8pTr/+ye2eytUppgl+0=",
      "dev": true,
      "requires": {
        "color-name": "1.1.3"
      }
    },
    "color-name": {
      "version": "1.1.3",
      "resolved": "http://frontend.npm.xuebadev.com/color-name/-/color-name-1.1.3.tgz",
      "integrity": "sha1-p9BVi9icQveV3UIyj3QIMcpTvCU=",
      "dev": true
    },
    "core-js": {
      "version": "1.2.7",
      "resolved": "http://frontend.npm.xuebadev.com/core-js/-/core-js-1.2.7.tgz",
      "integrity": "sha1-ZSKUwUZR2yj6k70tX/KYOk8IxjY="
    },
    "core-util-is": {
      "version": "1.0.2",
      "resolved": "http://frontend.npm.xuebadev.com/core-util-is/-/core-util-is-1.0.2.tgz",
      "integrity": "sha1-tf1UIgqivFq1eqtxQMlAdUUDwac=",
      "dev": true
    },
    "currently-unhandled": {
      "version": "0.4.1",
      "resolved": "http://frontend.npm.xuebadev.com/currently-unhandled/-/currently-unhandled-0.4.1.tgz",
      "integrity": "sha1-mI3zP+qxke95mmE2nddsF635V+o=",
      "dev": true,
      "requires": {
        "array-find-index": "1.0.2"
      }
    },
    "d": {
      "version": "1.0.0",
      "resolved": "http://frontend.npm.xuebadev.com/d/-/d-1.0.0.tgz",
      "integrity": "sha1-dUu1v+VUUdpppYuU1F9MWwRi1Y8=",
      "dev": true,
      "requires": {
        "es5-ext": "0.10.42"
      }
    },
    "define-properties": {
      "version": "1.1.2",
      "resolved": "http://frontend.npm.xuebadev.com/define-properties/-/define-properties-1.1.2.tgz",
      "integrity": "sha1-g6c/L+pWmJj7c3GTyPhzyvbUXJQ=",
      "dev": true,
      "requires": {
        "foreach": "2.0.5",
        "object-keys": "1.0.11"
      }
    },
    "encoding": {
      "version": "0.1.12",
      "resolved": "http://frontend.npm.xuebadev.com/encoding/-/encoding-0.1.12.tgz",
      "integrity": "sha1-U4tm8+5izRq1HsMjgp0flIDHS+s=",
      "requires": {
        "iconv-lite": "0.4.23"
      }
    },
    "errno": {
      "version": "0.1.7",
      "resolved": "http://frontend.npm.xuebadev.com/errno/-/errno-0.1.7.tgz",
      "integrity": "sha1-RoTXF3mtOa8Xfj8AeZb3xnyFJhg=",
      "dev": true,
      "requires": {
        "prr": "1.0.1"
      }
    },
    "es5-ext": {
      "version": "0.10.42",
      "resolved": "http://frontend.npm.xuebadev.com/es5-ext/-/es5-ext-0.10.42.tgz",
      "integrity": "sha1-jAfdM68E1dzRMQtc7xO+pjqJuo0=",
      "dev": true,
      "requires": {
        "es6-iterator": "2.0.3",
        "es6-symbol": "3.1.1",
        "next-tick": "1.0.0"
      }
    },
    "es6-iterator": {
      "version": "2.0.3",
      "resolved": "http://frontend.npm.xuebadev.com/es6-iterator/-/es6-iterator-2.0.3.tgz",
      "integrity": "sha1-p96IkUGgWpSwhUQDstCg+/qY87c=",
      "dev": true,
      "requires": {
        "d": "1.0.0",
        "es5-ext": "0.10.42",
        "es6-symbol": "3.1.1"
      }
    },
    "es6-symbol": {
      "version": "3.1.1",
      "resolved": "http://frontend.npm.xuebadev.com/es6-symbol/-/es6-symbol-3.1.1.tgz",
      "integrity": "sha1-vwDvT9q2uhtG7Le2KbTH7VcVzHc=",
      "dev": true,
      "requires": {
        "d": "1.0.0",
        "es5-ext": "0.10.42"
      }
    },
    "escape-string-regexp": {
      "version": "1.0.5",
      "resolved": "http://frontend.npm.xuebadev.com/escape-string-regexp/-/escape-string-regexp-1.0.5.tgz",
      "integrity": "sha1-G2HAViGQqN/2rjuyzwIAyhMLhtQ=",
      "dev": true
    },
    "extend": {
      "version": "3.0.1",
      "resolved": "http://frontend.npm.xuebadev.com/extend/-/extend-3.0.1.tgz",
      "integrity": "sha1-p1Xqe8Gt/MWjHOfnYtuq3F5jZEQ="
    },
    "fbjs": {
      "version": "0.8.16",
      "resolved": "http://frontend.npm.xuebadev.com/fbjs/-/fbjs-0.8.16.tgz",
      "integrity": "sha1-XmdDL1UNxBtXK/VYR7ispk5TN9s=",
      "requires": {
        "core-js": "1.2.7",
        "isomorphic-fetch": "2.2.1",
        "loose-envify": "1.3.1",
        "object-assign": "4.1.1",
        "promise": "7.3.1",
        "setimmediate": "1.0.5",
        "ua-parser-js": "0.7.18"
      }
    },
    "foreach": {
      "version": "2.0.5",
      "resolved": "http://frontend.npm.xuebadev.com/foreach/-/foreach-2.0.5.tgz",
      "integrity": "sha1-C+4AUBiusmDQo6865ljdATbsG5k=",
      "dev": true
    },
    "function-bind": {
      "version": "1.1.1",
      "resolved": "http://frontend.npm.xuebadev.com/function-bind/-/function-bind-1.1.1.tgz",
      "integrity": "sha1-pWiZ0+o8m6uHS7l3O3xe3pL0iV0=",
      "dev": true
    },
    "has-flag": {
      "version": "3.0.0",
      "resolved": "http://frontend.npm.xuebadev.com/has-flag/-/has-flag-3.0.0.tgz",
      "integrity": "sha1-tdRU3CGZriJWmfNGfloH87lVuv0=",
      "dev": true
    },
    "has-symbols": {
      "version": "1.0.0",
      "resolved": "http://frontend.npm.xuebadev.com/has-symbols/-/has-symbols-1.0.0.tgz",
      "integrity": "sha1-uhqPGvKg/DllD1yFA2dwQSIGO0Q=",
      "dev": true
    },
    "iconv-lite": {
      "version": "0.4.23",
      "resolved": "http://frontend.npm.xuebadev.com/iconv-lite/-/iconv-lite-0.4.23.tgz",
      "integrity": "sha1-KXhx9jvlB63Pv8pxXQzQ7thOmmM=",
      "requires": {
        "safer-buffer": "2.1.2"
      }
    },
    "inherits": {
      "version": "2.0.3",
      "resolved": "http://frontend.npm.xuebadev.com/inherits/-/inherits-2.0.3.tgz",
      "integrity": "sha1-Yzwsg+PaQqUC9SRmAiSA9CCCYd4="
    },
    "is-alphabetical": {
      "version": "1.0.2",
      "resolved": "http://frontend.npm.xuebadev.com/is-alphabetical/-/is-alphabetical-1.0.2.tgz",
      "integrity": "sha1-H6bkkhPLeIW3XRWGL7Pz2WyIT0E="
    },
    "is-alphanumerical": {
      "version": "1.0.2",
      "resolved": "http://frontend.npm.xuebadev.com/is-alphanumerical/-/is-alphanumerical-1.0.2.tgz",
      "integrity": "sha1-ETjprlBAFY3G/3a4IKzWt6GB/UA=",
      "requires": {
        "is-alphabetical": "1.0.2",
        "is-decimal": "1.0.2"
      }
    },
    "is-buffer": {
      "version": "1.1.6",
      "resolved": "http://frontend.npm.xuebadev.com/is-buffer/-/is-buffer-1.1.6.tgz",
      "integrity": "sha1-76ouqdqg16suoTqXsritUf776L4="
    },
    "is-decimal": {
      "version": "1.0.2",
      "resolved": "http://frontend.npm.xuebadev.com/is-decimal/-/is-decimal-1.0.2.tgz",
      "integrity": "sha1-iUZi1qhwnTB/OidspDOcj6Xf8P8="
    },
    "is-hexadecimal": {
      "version": "1.0.2",
      "resolved": "http://frontend.npm.xuebadev.com/is-hexadecimal/-/is-hexadecimal-1.0.2.tgz",
      "integrity": "sha1-tucQ19B7tmuYy4zs5cm0kh3uuDU="
    },
    "is-plain-obj": {
      "version": "1.1.0",
      "resolved": "http://frontend.npm.xuebadev.com/is-plain-obj/-/is-plain-obj-1.1.0.tgz",
      "integrity": "sha1-caUMhCnfync8kqOQpKA7OfzVHT4="
    },
    "is-stream": {
      "version": "1.1.0",
      "resolved": "http://frontend.npm.xuebadev.com/is-stream/-/is-stream-1.1.0.tgz",
      "integrity": "sha1-EtSj3U5o4Lec6428hBc66A2RykQ="
    },
    "is-whitespace-character": {
      "version": "1.0.2",
      "resolved": "http://frontend.npm.xuebadev.com/is-whitespace-character/-/is-whitespace-character-1.0.2.tgz",
      "integrity": "sha1-7eU7TG9vs4dFM3UeySgNAZKNA+0="
    },
    "is-word-character": {
      "version": "1.0.2",
      "resolved": "http://frontend.npm.xuebadev.com/is-word-character/-/is-word-character-1.0.2.tgz",
      "integrity": "sha1-RqXaw/KhhAiYuR5XbNQNST865VM="
    },
    "isarray": {
      "version": "1.0.0",
      "resolved": "http://frontend.npm.xuebadev.com/isarray/-/isarray-1.0.0.tgz",
      "integrity": "sha1-u5NdSFgsuhaMBoNJV6VKPgcSTxE=",
      "dev": true
    },
    "isomorphic-fetch": {
      "version": "2.2.1",
      "resolved": "http://frontend.npm.xuebadev.com/isomorphic-fetch/-/isomorphic-fetch-2.2.1.tgz",
      "integrity": "sha1-YRrhrPFPXoH3KVB0coGf6XM1WKk=",
      "requires": {
        "node-fetch": "1.7.3",
        "whatwg-fetch": "2.0.4"
      }
    },
    "js-tokens": {
      "version": "3.0.2",
      "resolved": "http://frontend.npm.xuebadev.com/js-tokens/-/js-tokens-3.0.2.tgz",
      "integrity": "sha1-mGbfOVECEw449/mWvOtlRDIJwls="
    },
    "log-symbols": {
      "version": "2.2.0",
      "resolved": "http://frontend.npm.xuebadev.com/log-symbols/-/log-symbols-2.2.0.tgz",
      "integrity": "sha1-V0Dhxdbw39pK2TI7UzIQfva0xAo=",
      "dev": true,
      "requires": {
        "chalk": "2.4.1"
      }
    },
    "loglevelnext": {
      "version": "1.0.5",
      "resolved": "http://frontend.npm.xuebadev.com/loglevelnext/-/loglevelnext-1.0.5.tgz",
      "integrity": "sha1-NvxPWZbWZA9Tn/IDuoGWQWgNdaI=",
      "dev": true,
      "requires": {
        "es6-symbol": "3.1.1",
        "object.assign": "4.1.0"
      }
    },
    "loose-envify": {
      "version": "1.3.1",
      "resolved": "http://frontend.npm.xuebadev.com/loose-envify/-/loose-envify-1.3.1.tgz",
      "integrity": "sha1-0aitM/qc4OcT1l/dCsi3SNR4yEg=",
      "requires": {
        "js-tokens": "3.0.2"
      }
    },
    "loud-rejection": {
      "version": "1.6.0",
      "resolved": "http://frontend.npm.xuebadev.com/loud-rejection/-/loud-rejection-1.6.0.tgz",
      "integrity": "sha1-W0b4AUft7leIcPCG0Eghz5mOVR8=",
      "dev": true,
      "requires": {
        "currently-unhandled": "0.4.1",
        "signal-exit": "3.0.2"
      }
    },
    "markdown-escapes": {
      "version": "1.0.2",
      "resolved": "http://frontend.npm.xuebadev.com/markdown-escapes/-/markdown-escapes-1.0.2.tgz",
      "integrity": "sha1-5jnL3nuZyEHAusyKB5goc7RtISI="
    },
    "memory-fs": {
      "version": "0.4.1",
      "resolved": "http://frontend.npm.xuebadev.com/memory-fs/-/memory-fs-0.4.1.tgz",
      "integrity": "sha1-OpoguEYlI+RHz7x+i7gO1me/xVI=",
      "dev": true,
      "requires": {
        "errno": "0.1.7",
        "readable-stream": "2.3.6"
      }
    },
    "mime": {
      "version": "2.3.1",
      "resolved": "http://frontend.npm.xuebadev.com/mime/-/mime-2.3.1.tgz",
      "integrity": "sha1-sWIcVNY7l8R9PP5/chX31kUXw2k=",
      "dev": true
    },
    "next-tick": {
      "version": "1.0.0",
      "resolved": "http://frontend.npm.xuebadev.com/next-tick/-/next-tick-1.0.0.tgz",
      "integrity": "sha1-yobR/ogoFpsBICCOPchCS524NCw=",
      "dev": true
    },
    "node-fetch": {
      "version": "1.7.3",
      "resolved": "http://frontend.npm.xuebadev.com/node-fetch/-/node-fetch-1.7.3.tgz",
      "integrity": "sha1-mA9vcthSEaU0fGsrwYxbhMPrR+8=",
      "requires": {
        "encoding": "0.1.12",
        "is-stream": "1.1.0"
      }
    },
    "object-assign": {
      "version": "4.1.1",
      "resolved": "http://frontend.npm.xuebadev.com/object-assign/-/object-assign-4.1.1.tgz",
      "integrity": "sha1-IQmtx5ZYh8/AXLvUQsrIv7s2CGM="
    },
    "object-keys": {
      "version": "1.0.11",
      "resolved": "http://frontend.npm.xuebadev.com/object-keys/-/object-keys-1.0.11.tgz",
      "integrity": "sha1-xUYBd4rVYPEULODgG8yotW0TQm0=",
      "dev": true
    },
    "object.assign": {
      "version": "4.1.0",
      "resolved": "http://frontend.npm.xuebadev.com/object.assign/-/object.assign-4.1.0.tgz",
      "integrity": "sha1-lovxEA15Vrs8oIbwBvhGs7xACNo=",
      "dev": true,
      "requires": {
        "define-properties": "1.1.2",
        "function-bind": "1.1.1",
        "has-symbols": "1.0.0",
        "object-keys": "1.0.11"
      }
    },
    "parse-entities": {
      "version": "1.1.2",
      "resolved": "http://frontend.npm.xuebadev.com/parse-entities/-/parse-entities-1.1.2.tgz",
      "integrity": "sha1-nq9xmyncO9YiRrQzIAkHLgFSd3c=",
      "requires": {
        "character-entities": "1.2.2",
        "character-entities-legacy": "1.1.2",
        "character-reference-invalid": "1.1.2",
        "is-alphanumerical": "1.0.2",
        "is-decimal": "1.0.2",
        "is-hexadecimal": "1.0.2"
      }
    },
    "path-is-absolute": {
      "version": "1.0.1",
      "resolved": "http://frontend.npm.xuebadev.com/path-is-absolute/-/path-is-absolute-1.0.1.tgz",
      "integrity": "sha1-F0uSaHNVNP+8es5r9TpanhtcX18=",
      "dev": true
    },
    "process-nextick-args": {
      "version": "2.0.0",
      "resolved": "http://frontend.npm.xuebadev.com/process-nextick-args/-/process-nextick-args-2.0.0.tgz",
      "integrity": "sha1-o31zL0JxtKsa0HDTVQjoKQeI/6o=",
      "dev": true
    },
    "promise": {
      "version": "7.3.1",
      "resolved": "http://frontend.npm.xuebadev.com/promise/-/promise-7.3.1.tgz",
      "integrity": "sha1-BktyYCsY+Q8pGSuLG8QY/9Hr078=",
      "requires": {
        "asap": "2.0.6"
      }
    },
    "prop-types": {
      "version": "15.6.1",
      "resolved": "http://frontend.npm.xuebadev.com/prop-types/-/prop-types-15.6.1.tgz",
      "integrity": "sha1-NmREU1ZCVd3aORGR+zoSXL32VMo=",
      "requires": {
        "fbjs": "0.8.16",
        "loose-envify": "1.3.1",
        "object-assign": "4.1.1"
      }
    },
    "prr": {
      "version": "1.0.1",
      "resolved": "http://frontend.npm.xuebadev.com/prr/-/prr-1.0.1.tgz",
      "integrity": "sha1-0/wRS6BplaRexok/SEzrHXj19HY=",
      "dev": true
    },
    "range-parser": {
      "version": "1.2.0",
      "resolved": "http://frontend.npm.xuebadev.com/range-parser/-/range-parser-1.2.0.tgz",
      "integrity": "sha1-9JvmtIeJTdxA3MlKMi9hEJLgDV4=",
      "dev": true
    },
    "react-markdown": {
      "version": "3.3.2",
      "resolved": "http://frontend.npm.xuebadev.com/react-markdown/-/react-markdown-3.3.2.tgz",
      "integrity": "sha1-NdMF6KKbZAcXudrEZYocrq/UTJQ=",
      "requires": {
        "prop-types": "15.6.1",
        "remark-parse": "5.0.0",
        "unified": "6.2.0",
        "unist-util-visit": "1.3.1",
        "xtend": "4.0.1"
      }
    },
    "readable-stream": {
      "version": "2.3.6",
      "resolved": "http://frontend.npm.xuebadev.com/readable-stream/-/readable-stream-2.3.6.tgz",
      "integrity": "sha1-sRwn2IuP8fvgcGQ8+UsMea4bCq8=",
      "dev": true,
      "requires": {
        "core-util-is": "1.0.2",
        "inherits": "2.0.3",
        "isarray": "1.0.0",
        "process-nextick-args": "2.0.0",
        "safe-buffer": "5.1.2",
        "string_decoder": "1.1.1",
        "util-deprecate": "1.0.2"
      }
    },
    "remark-parse": {
      "version": "5.0.0",
      "resolved": "http://frontend.npm.xuebadev.com/remark-parse/-/remark-parse-5.0.0.tgz",
      "integrity": "sha1-TAd/nkmQRNHVwT+A16mM97koXZU=",
      "requires": {
        "collapse-white-space": "1.0.4",
        "is-alphabetical": "1.0.2",
        "is-decimal": "1.0.2",
        "is-whitespace-character": "1.0.2",
        "is-word-character": "1.0.2",
        "markdown-escapes": "1.0.2",
        "parse-entities": "1.1.2",
        "repeat-string": "1.6.1",
        "state-toggle": "1.0.1",
        "trim": "0.0.1",
        "trim-trailing-lines": "1.1.1",
        "unherit": "1.1.1",
        "unist-util-remove-position": "1.1.2",
        "vfile-location": "2.0.3",
        "xtend": "4.0.1"
      }
    },
    "repeat-string": {
      "version": "1.6.1",
      "resolved": "http://frontend.npm.xuebadev.com/repeat-string/-/repeat-string-1.6.1.tgz",
      "integrity": "sha1-jcrkcOHIirwtYA//Sndihtp15jc="
    },
    "replace-ext": {
      "version": "1.0.0",
      "resolved": "http://frontend.npm.xuebadev.com/replace-ext/-/replace-ext-1.0.0.tgz",
      "integrity": "sha1-3mMSg3P8v3w8z6TeWkgMRaZ5WOs="
    },
    "safe-buffer": {
      "version": "5.1.2",
      "resolved": "http://frontend.npm.xuebadev.com/safe-buffer/-/safe-buffer-5.1.2.tgz",
      "integrity": "sha1-mR7GnSluAxN0fVm9/St0XDX4go0=",
      "dev": true
    },
    "safer-buffer": {
      "version": "2.1.2",
      "resolved": "http://frontend.npm.xuebadev.com/safer-buffer/-/safer-buffer-2.1.2.tgz",
      "integrity": "sha1-RPoWGwGHuVSd2Eu5GAL5vYOFzWo="
    },
    "setimmediate": {
      "version": "1.0.5",
      "resolved": "http://frontend.npm.xuebadev.com/setimmediate/-/setimmediate-1.0.5.tgz",
      "integrity": "sha1-KQy7Iy4waULX1+qbg3Mqt4VvgoU="
    },
    "signal-exit": {
      "version": "3.0.2",
      "resolved": "http://frontend.npm.xuebadev.com/signal-exit/-/signal-exit-3.0.2.tgz",
      "integrity": "sha1-tf3AjxKH6hF4Yo5BXiUTK3NkbG0=",
      "dev": true
    },
    "state-toggle": {
      "version": "1.0.1",
      "resolved": "http://frontend.npm.xuebadev.com/state-toggle/-/state-toggle-1.0.1.tgz",
      "integrity": "sha1-w8sJdPQKag+OkFuWeJ60Gvoc3jo="
    },
    "string_decoder": {
      "version": "1.1.1",
      "resolved": "http://frontend.npm.xuebadev.com/string_decoder/-/string_decoder-1.1.1.tgz",
      "integrity": "sha1-nPFhG6YmhdcDCunkujQUnDrwP8g=",
      "dev": true,
      "requires": {
        "safe-buffer": "5.1.2"
      }
    },
    "supports-color": {
      "version": "5.4.0",
      "resolved": "http://frontend.npm.xuebadev.com/supports-color/-/supports-color-5.4.0.tgz",
      "integrity": "sha1-HGszdALCE3YF7+GfEP7DkPb6q1Q=",
      "dev": true,
      "requires": {
        "has-flag": "3.0.0"
      }
    },
    "trim": {
      "version": "0.0.1",
      "resolved": "http://frontend.npm.xuebadev.com/trim/-/trim-0.0.1.tgz",
      "integrity": "sha1-WFhUf2spB1fulczMZm+1AITEYN0="
    },
    "trim-trailing-lines": {
      "version": "1.1.1",
      "resolved": "http://frontend.npm.xuebadev.com/trim-trailing-lines/-/trim-trailing-lines-1.1.1.tgz",
      "integrity": "sha1-4OwIEP08PxcwUWtF9JCDyq8ndNk="
    },
    "trough": {
      "version": "1.0.2",
      "resolved": "http://frontend.npm.xuebadev.com/trough/-/trough-1.0.2.tgz",
      "integrity": "sha1-fxZj7FXEgBOeLeXkhsau9swkpTU="
    },
    "ua-parser-js": {
      "version": "0.7.18",
      "resolved": "http://frontend.npm.xuebadev.com/ua-parser-js/-/ua-parser-js-0.7.18.tgz",
      "integrity": "sha1-p7/ZL1bt+xFwg7aeMdKqiILUse0="
    },
    "unherit": {
      "version": "1.1.1",
      "resolved": "http://frontend.npm.xuebadev.com/unherit/-/unherit-1.1.1.tgz",
      "integrity": "sha1-EydI2j6I6rdn4I+r+7icXp0oYow=",
      "requires": {
        "inherits": "2.0.3",
        "xtend": "4.0.1"
      }
    },
    "unified": {
      "version": "6.2.0",
      "resolved": "http://frontend.npm.xuebadev.com/unified/-/unified-6.2.0.tgz",
      "integrity": "sha1-f71jD3GRJtZ9QMZEt+P2FwNfbbo=",
      "requires": {
        "bail": "1.0.3",
        "extend": "3.0.1",
        "is-plain-obj": "1.1.0",
        "trough": "1.0.2",
        "vfile": "2.3.0",
        "x-is-string": "0.1.0"
      }
    },
    "unist-util-is": {
      "version": "2.1.2",
      "resolved": "http://frontend.npm.xuebadev.com/unist-util-is/-/unist-util-is-2.1.2.tgz",
      "integrity": "sha1-EZP6jyv7u4IVBjPzqNLrmhwdVds="
    },
    "unist-util-remove-position": {
      "version": "1.1.2",
      "resolved": "http://frontend.npm.xuebadev.com/unist-util-remove-position/-/unist-util-remove-position-1.1.2.tgz",
      "integrity": "sha1-hrXa0QTQu/vrHbX1yS81cFdcEss=",
      "requires": {
        "unist-util-visit": "1.3.1"
      }
    },
    "unist-util-stringify-position": {
      "version": "1.1.2",
      "resolved": "http://frontend.npm.xuebadev.com/unist-util-stringify-position/-/unist-util-stringify-position-1.1.2.tgz",
      "integrity": "sha1-Pzf881EnncvKdICrWIm7ioMu4cY="
    },
    "unist-util-visit": {
      "version": "1.3.1",
      "resolved": "http://frontend.npm.xuebadev.com/unist-util-visit/-/unist-util-visit-1.3.1.tgz",
      "integrity": "sha1-wBmskzemJIa+WFMbwn50ma59Vcc=",
      "requires": {
        "unist-util-is": "2.1.2"
      }
    },
    "url-join": {
      "version": "4.0.0",
      "resolved": "http://frontend.npm.xuebadev.com/url-join/-/url-join-4.0.0.tgz",
      "integrity": "sha1-TTNA6AfTdzvamZH4MFrNzCpmXSo=",
      "dev": true
    },
    "util-deprecate": {
      "version": "1.0.2",
      "resolved": "http://frontend.npm.xuebadev.com/util-deprecate/-/util-deprecate-1.0.2.tgz",
      "integrity": "sha1-RQ1Nyfpw3nMnYvvS1KKJgUGaDM8=",
      "dev": true
    },
    "uuid": {
      "version": "3.2.1",
      "resolved": "http://frontend.npm.xuebadev.com/uuid/-/uuid-3.2.1.tgz",
      "integrity": "sha1-EsUou51Y0LkmXZovbw/ovhf/HxQ=",
      "dev": true
    },
    "vfile": {
      "version": "2.3.0",
      "resolved": "http://frontend.npm.xuebadev.com/vfile/-/vfile-2.3.0.tgz",
      "integrity": "sha1-5i2OcrIOg8MkvGxnJ47ickiL+Eo=",
      "requires": {
        "is-buffer": "1.1.6",
        "replace-ext": "1.0.0",
        "unist-util-stringify-position": "1.1.2",
        "vfile-message": "1.0.1"
      }
    },
    "vfile-location": {
      "version": "2.0.3",
      "resolved": "http://frontend.npm.xuebadev.com/vfile-location/-/vfile-location-2.0.3.tgz",
      "integrity": "sha1-CDuoDlCWjo1CC+Sd0eqamSEx33c="
    },
    "vfile-message": {
      "version": "1.0.1",
      "resolved": "http://frontend.npm.xuebadev.com/vfile-message/-/vfile-message-1.0.1.tgz",
      "integrity": "sha1-UaLM2Ka5enmAuzTvueveljLpNnc=",
      "requires": {
        "unist-util-stringify-position": "1.1.2"
      }
    },
    "webpack-dev-middleware": {
      "version": "3.1.3",
      "resolved": "http://frontend.npm.xuebadev.com/webpack-dev-middleware/-/webpack-dev-middleware-3.1.3.tgz",
      "integrity": "sha1-izKqQ9qa55Nowb8Rg/K2z14fOe0=",
      "dev": true,
      "requires": {
        "loud-rejection": "1.6.0",
        "memory-fs": "0.4.1",
        "mime": "2.3.1",
        "path-is-absolute": "1.0.1",
        "range-parser": "1.2.0",
        "url-join": "4.0.0",
        "webpack-log": "1.2.0"
      }
    },
    "webpack-log": {
      "version": "1.2.0",
      "resolved": "http://frontend.npm.xuebadev.com/webpack-log/-/webpack-log-1.2.0.tgz",
      "integrity": "sha1-pLNM2msitRjbsKsy5WeWLVxypD0=",
      "dev": true,
      "requires": {
        "chalk": "2.4.1",
        "log-symbols": "2.2.0",
        "loglevelnext": "1.0.5",
        "uuid": "3.2.1"
      }
    },
    "whatwg-fetch": {
      "version": "2.0.4",
      "resolved": "http://frontend.npm.xuebadev.com/whatwg-fetch/-/whatwg-fetch-2.0.4.tgz",
      "integrity": "sha1-3eal3zFfnTmZGqF2IYU9cguFVm8="
    },
    "x-is-string": {
      "version": "0.1.0",
      "resolved": "http://frontend.npm.xuebadev.com/x-is-string/-/x-is-string-0.1.0.tgz",
      "integrity": "sha1-R0tQhlrzpJqcRlfwWs0UVFj3fYI="
    },
    "xtend": {
      "version": "4.0.1",
      "resolved": "http://frontend.npm.xuebadev.com/xtend/-/xtend-4.0.1.tgz",
      "integrity": "sha1-pcbVMr5lbiPbgg77lDofBJmNY68="
    }
  }
}
